// !$*UTF8*$!
{
	archiveVersion = 1;
	classes = {
	};
	objectVersion = 50;
	objects = {

/* Begin PBXBuildFile section */
		C0080D682598E80500116BBD /* Bubble.swift in Sources */ = {isa = PBXBuildFile; fileRef = C0080D672598E80500116BBD /* Bubble.swift */; };
		C0080D722598E95000116BBD /* AppButton.swift in Sources */ = {isa = PBXBuildFile; fileRef = C0080D712598E95000116BBD /* AppButton.swift */; };
		C0080D762598EB2A00116BBD /* NewBubbleViewController.swift in Sources */ = {isa = PBXBuildFile; fileRef = C0080D752598EB2A00116BBD /* NewBubbleViewController.swift */; };
		C0080D792598EB7F00116BBD /* AppView.swift in Sources */ = {isa = PBXBuildFile; fileRef = C0080D782598EB7F00116BBD /* AppView.swift */; };
		C0080D7C2598F47400116BBD /* BubbleDetailsViewController.swift in Sources */ = {isa = PBXBuildFile; fileRef = C0080D7B2598F47400116BBD /* BubbleDetailsViewController.swift */; };
		C030A6A6259E12A800526A49 /* BubblesView.swift in Sources */ = {isa = PBXBuildFile; fileRef = C030A6A5259E12A800526A49 /* BubblesView.swift */; };
		C030A6AA259E148100526A49 /* BubblesScene.swift in Sources */ = {isa = PBXBuildFile; fileRef = C030A6A9259E148100526A49 /* BubblesScene.swift */; };
		C030A6AD259E2F2A00526A49 /* BubbleNode.swift in Sources */ = {isa = PBXBuildFile; fileRef = C030A6AC259E2F2A00526A49 /* BubbleNode.swift */; };
		C030A6B325A1ED5400526A49 /* CalculationTools.swift in Sources */ = {isa = PBXBuildFile; fileRef = C030A6B225A1ED5400526A49 /* CalculationTools.swift */; };
		C032B3BE259A092700DB14CC /* DatabaseManager.swift in Sources */ = {isa = PBXBuildFile; fileRef = C032B3BD259A092700DB14CC /* DatabaseManager.swift */; };
		C032B3C3259A0E7400DB14CC /* DatabaseEntity.swift in Sources */ = {isa = PBXBuildFile; fileRef = C032B3C2259A0E7300DB14CC /* DatabaseEntity.swift */; };
		C074BD6426878EFE0031A76F /* WidgetKit.framework in Frameworks */ = {isa = PBXBuildFile; fileRef = C074BD6326878EFE0031A76F /* WidgetKit.framework */; };
		C074BD6626878EFE0031A76F /* SwiftUI.framework in Frameworks */ = {isa = PBXBuildFile; fileRef = C074BD6526878EFE0031A76F /* SwiftUI.framework */; };
		C074BD6926878EFE0031A76F /* BubblePopWidget.swift in Sources */ = {isa = PBXBuildFile; fileRef = C074BD6826878EFE0031A76F /* BubblePopWidget.swift */; };
		C074BD6B26878EFF0031A76F /* Assets.xcassets in Resources */ = {isa = PBXBuildFile; fileRef = C074BD6A26878EFF0031A76F /* Assets.xcassets */; };
		C074BD6F26878EFF0031A76F /* BubblePopWidgetExtension.appex in Embed App Extensions */ = {isa = PBXBuildFile; fileRef = C074BD6126878EFE0031A76F /* BubblePopWidgetExtension.appex */; settings = {ATTRIBUTES = (RemoveHeadersOnCopy, ); }; };
		C074BD792687922C0031A76F /* BubbleTimeline.swift in Sources */ = {isa = PBXBuildFile; fileRef = C074BD782687922C0031A76F /* BubbleTimeline.swift */; };
		C074BD7F2687927E0031A76F /* BubblePopWidgetEntryView.swift in Sources */ = {isa = PBXBuildFile; fileRef = C074BD7E2687927E0031A76F /* BubblePopWidgetEntryView.swift */; };
		C0C4E6C62598E4DE00085C77 /* AppDelegate.swift in Sources */ = {isa = PBXBuildFile; fileRef = C0C4E6C52598E4DE00085C77 /* AppDelegate.swift */; };
		C0C4E6C82598E4DE00085C77 /* SceneDelegate.swift in Sources */ = {isa = PBXBuildFile; fileRef = C0C4E6C72598E4DE00085C77 /* SceneDelegate.swift */; };
		C0C4E6CA2598E4DE00085C77 /* ViewController.swift in Sources */ = {isa = PBXBuildFile; fileRef = C0C4E6C92598E4DE00085C77 /* ViewController.swift */; };
		C0C4E6CD2598E4DE00085C77 /* Main.storyboard in Resources */ = {isa = PBXBuildFile; fileRef = C0C4E6CB2598E4DE00085C77 /* Main.storyboard */; };
		C0C4E6D02598E4DE00085C77 /* Model.xcdatamodeld in Sources */ = {isa = PBXBuildFile; fileRef = C0C4E6CE2598E4DE00085C77 /* Model.xcdatamodeld */; };
		C0C4E6D22598E4DF00085C77 /* Assets.xcassets in Resources */ = {isa = PBXBuildFile; fileRef = C0C4E6D12598E4DF00085C77 /* Assets.xcassets */; };
		C0C4E6D52598E4DF00085C77 /* LaunchScreen.storyboard in Resources */ = {isa = PBXBuildFile; fileRef = C0C4E6D32598E4DF00085C77 /* LaunchScreen.storyboard */; };
		C0D92DC7259DF820000DA496 /* Appearance.swift in Sources */ = {isa = PBXBuildFile; fileRef = C0D92DC6259DF820000DA496 /* Appearance.swift */; };
		C0DF175C25C00BA700F75B7D /* AddColorCollectionViewCell.swift in Sources */ = {isa = PBXBuildFile; fileRef = C0DF175B25C00BA700F75B7D /* AddColorCollectionViewCell.swift */; };
		C0E04B3125C025D5002856FD /* ColorTools.swift in Sources */ = {isa = PBXBuildFile; fileRef = C0E04B3025C025D5002856FD /* ColorTools.swift */; };
		C0E04B3425C02FE4002856FD /* BubbleColor.swift in Sources */ = {isa = PBXBuildFile; fileRef = C0E04B3325C02FE4002856FD /* BubbleColor.swift */; };
		C0ED2ABF25BEE2BC0007D252 /* ColorViewController.storyboard in Resources */ = {isa = PBXBuildFile; fileRef = C0ED2ABE25BEE2BC0007D252 /* ColorViewController.storyboard */; };
		C0ED2AC225BEE2DA0007D252 /* ColorViewController.swift in Sources */ = {isa = PBXBuildFile; fileRef = C0ED2AC125BEE2DA0007D252 /* ColorViewController.swift */; };
		C0ED2AC525BEF5F40007D252 /* ColorCollectionViewCell.swift in Sources */ = {isa = PBXBuildFile; fileRef = C0ED2AC425BEF5F40007D252 /* ColorCollectionViewCell.swift */; };
		C0EE147E2687960000354C8E /* BubbleEntry.swift in Sources */ = {isa = PBXBuildFile; fileRef = C0EE147D2687960000354C8E /* BubbleEntry.swift */; };
		C0EE14832687963900354C8E /* Bubble.swift in Sources */ = {isa = PBXBuildFile; fileRef = C0080D672598E80500116BBD /* Bubble.swift */; };
		C0EE148A2687989F00354C8E /* DatabaseEntity.swift in Sources */ = {isa = PBXBuildFile; fileRef = C032B3C2259A0E7300DB14CC /* DatabaseEntity.swift */; };
		C0EE148D26879D9000354C8E /* BubbleColor.swift in Sources */ = {isa = PBXBuildFile; fileRef = C0E04B3325C02FE4002856FD /* BubbleColor.swift */; };
		C0EE149026879DA200354C8E /* DatabaseManager.swift in Sources */ = {isa = PBXBuildFile; fileRef = C032B3BD259A092700DB14CC /* DatabaseManager.swift */; };
		C0EE149326879E4C00354C8E /* Model.xcdatamodeld in Sources */ = {isa = PBXBuildFile; fileRef = C0C4E6CE2598E4DE00085C77 /* Model.xcdatamodeld */; };
		C0EE149626879E5D00354C8E /* ColorTools.swift in Sources */ = {isa = PBXBuildFile; fileRef = C0E04B3025C025D5002856FD /* ColorTools.swift */; };
/* End PBXBuildFile section */

/* Begin PBXContainerItemProxy section */
		C074BD6D26878EFF0031A76F /* PBXContainerItemProxy */ = {
			isa = PBXContainerItemProxy;
			containerPortal = C0C4E6BA2598E4DE00085C77 /* Project object */;
			proxyType = 1;
			remoteGlobalIDString = C074BD6026878EFE0031A76F;
			remoteInfo = BubblePopWidgetExtension;
		};
/* End PBXContainerItemProxy section */

/* Begin PBXCopyFilesBuildPhase section */
		C074BD7026878EFF0031A76F /* Embed App Extensions */ = {
			isa = PBXCopyFilesBuildPhase;
			buildActionMask = 2147483647;
			dstPath = "";
			dstSubfolderSpec = 13;
			files = (
				C074BD6F26878EFF0031A76F /* BubblePopWidgetExtension.appex in Embed App Extensions */,
			);
			name = "Embed App Extensions";
			runOnlyForDeploymentPostprocessing = 0;
		};
/* End PBXCopyFilesBuildPhase section */

/* Begin PBXFileReference section */
		C0080D672598E80500116BBD /* Bubble.swift */ = {isa = PBXFileReference; lastKnownFileType = sourcecode.swift; path = Bubble.swift; sourceTree = "<group>"; };
		C0080D712598E95000116BBD /* AppButton.swift */ = {isa = PBXFileReference; fileEncoding = 4; lastKnownFileType = sourcecode.swift; path = AppButton.swift; sourceTree = "<group>"; };
		C0080D752598EB2A00116BBD /* NewBubbleViewController.swift */ = {isa = PBXFileReference; lastKnownFileType = sourcecode.swift; path = NewBubbleViewController.swift; sourceTree = "<group>"; };
		C0080D782598EB7F00116BBD /* AppView.swift */ = {isa = PBXFileReference; fileEncoding = 4; lastKnownFileType = sourcecode.swift; path = AppView.swift; sourceTree = "<group>"; };
		C0080D7B2598F47400116BBD /* BubbleDetailsViewController.swift */ = {isa = PBXFileReference; lastKnownFileType = sourcecode.swift; path = BubbleDetailsViewController.swift; sourceTree = "<group>"; };
		C030A6A5259E12A800526A49 /* BubblesView.swift */ = {isa = PBXFileReference; lastKnownFileType = sourcecode.swift; path = BubblesView.swift; sourceTree = "<group>"; };
		C030A6A9259E148100526A49 /* BubblesScene.swift */ = {isa = PBXFileReference; lastKnownFileType = sourcecode.swift; path = BubblesScene.swift; sourceTree = "<group>"; };
		C030A6AC259E2F2A00526A49 /* BubbleNode.swift */ = {isa = PBXFileReference; lastKnownFileType = sourcecode.swift; path = BubbleNode.swift; sourceTree = "<group>"; };
		C030A6B225A1ED5400526A49 /* CalculationTools.swift */ = {isa = PBXFileReference; lastKnownFileType = sourcecode.swift; path = CalculationTools.swift; sourceTree = "<group>"; };
		C032B3BD259A092700DB14CC /* DatabaseManager.swift */ = {isa = PBXFileReference; lastKnownFileType = sourcecode.swift; path = DatabaseManager.swift; sourceTree = "<group>"; };
		C032B3C2259A0E7300DB14CC /* DatabaseEntity.swift */ = {isa = PBXFileReference; lastKnownFileType = sourcecode.swift; path = DatabaseEntity.swift; sourceTree = "<group>"; };
		C074BD6126878EFE0031A76F /* BubblePopWidgetExtension.appex */ = {isa = PBXFileReference; explicitFileType = "wrapper.app-extension"; includeInIndex = 0; path = BubblePopWidgetExtension.appex; sourceTree = BUILT_PRODUCTS_DIR; };
		C074BD6326878EFE0031A76F /* WidgetKit.framework */ = {isa = PBXFileReference; lastKnownFileType = wrapper.framework; name = WidgetKit.framework; path = System/Library/Frameworks/WidgetKit.framework; sourceTree = SDKROOT; };
		C074BD6526878EFE0031A76F /* SwiftUI.framework */ = {isa = PBXFileReference; lastKnownFileType = wrapper.framework; name = SwiftUI.framework; path = System/Library/Frameworks/SwiftUI.framework; sourceTree = SDKROOT; };
		C074BD6826878EFE0031A76F /* BubblePopWidget.swift */ = {isa = PBXFileReference; lastKnownFileType = sourcecode.swift; path = BubblePopWidget.swift; sourceTree = "<group>"; };
		C074BD6A26878EFF0031A76F /* Assets.xcassets */ = {isa = PBXFileReference; lastKnownFileType = folder.assetcatalog; path = Assets.xcassets; sourceTree = "<group>"; };
		C074BD6C26878EFF0031A76F /* Info.plist */ = {isa = PBXFileReference; lastKnownFileType = text.plist.xml; path = Info.plist; sourceTree = "<group>"; };
		C074BD782687922C0031A76F /* BubbleTimeline.swift */ = {isa = PBXFileReference; lastKnownFileType = sourcecode.swift; path = BubbleTimeline.swift; sourceTree = "<group>"; };
		C074BD7E2687927E0031A76F /* BubblePopWidgetEntryView.swift */ = {isa = PBXFileReference; lastKnownFileType = sourcecode.swift; path = BubblePopWidgetEntryView.swift; sourceTree = "<group>"; };
		C0C4E6C22598E4DE00085C77 /* BubblePop.app */ = {isa = PBXFileReference; explicitFileType = wrapper.application; includeInIndex = 0; path = BubblePop.app; sourceTree = BUILT_PRODUCTS_DIR; };
		C0C4E6C52598E4DE00085C77 /* AppDelegate.swift */ = {isa = PBXFileReference; lastKnownFileType = sourcecode.swift; path = AppDelegate.swift; sourceTree = "<group>"; };
		C0C4E6C72598E4DE00085C77 /* SceneDelegate.swift */ = {isa = PBXFileReference; lastKnownFileType = sourcecode.swift; path = SceneDelegate.swift; sourceTree = "<group>"; };
		C0C4E6C92598E4DE00085C77 /* ViewController.swift */ = {isa = PBXFileReference; lastKnownFileType = sourcecode.swift; path = ViewController.swift; sourceTree = "<group>"; };
		C0C4E6CC2598E4DE00085C77 /* Base */ = {isa = PBXFileReference; lastKnownFileType = file.storyboard; name = Base; path = Base.lproj/Main.storyboard; sourceTree = "<group>"; };
		C0C4E6CF2598E4DE00085C77 /* BubblePop.xcdatamodel */ = {isa = PBXFileReference; lastKnownFileType = wrapper.xcdatamodel; path = BubblePop.xcdatamodel; sourceTree = "<group>"; };
		C0C4E6D12598E4DF00085C77 /* Assets.xcassets */ = {isa = PBXFileReference; lastKnownFileType = folder.assetcatalog; path = Assets.xcassets; sourceTree = "<group>"; };
		C0C4E6D42598E4DF00085C77 /* Base */ = {isa = PBXFileReference; lastKnownFileType = file.storyboard; name = Base; path = Base.lproj/LaunchScreen.storyboard; sourceTree = "<group>"; };
		C0C4E6D62598E4DF00085C77 /* Info.plist */ = {isa = PBXFileReference; lastKnownFileType = text.plist.xml; path = Info.plist; sourceTree = "<group>"; };
		C0D92DC6259DF820000DA496 /* Appearance.swift */ = {isa = PBXFileReference; lastKnownFileType = sourcecode.swift; path = Appearance.swift; sourceTree = "<group>"; };
		C0DF175B25C00BA700F75B7D /* AddColorCollectionViewCell.swift */ = {isa = PBXFileReference; lastKnownFileType = sourcecode.swift; path = AddColorCollectionViewCell.swift; sourceTree = "<group>"; };
		C0E04B3025C025D5002856FD /* ColorTools.swift */ = {isa = PBXFileReference; lastKnownFileType = sourcecode.swift; path = ColorTools.swift; sourceTree = "<group>"; };
		C0E04B3325C02FE4002856FD /* BubbleColor.swift */ = {isa = PBXFileReference; lastKnownFileType = sourcecode.swift; path = BubbleColor.swift; sourceTree = "<group>"; };
		C0ED2ABE25BEE2BC0007D252 /* ColorViewController.storyboard */ = {isa = PBXFileReference; lastKnownFileType = file.storyboard; path = ColorViewController.storyboard; sourceTree = "<group>"; };
		C0ED2AC125BEE2DA0007D252 /* ColorViewController.swift */ = {isa = PBXFileReference; lastKnownFileType = sourcecode.swift; path = ColorViewController.swift; sourceTree = "<group>"; };
		C0ED2AC425BEF5F40007D252 /* ColorCollectionViewCell.swift */ = {isa = PBXFileReference; lastKnownFileType = sourcecode.swift; path = ColorCollectionViewCell.swift; sourceTree = "<group>"; };
		C0EE147D2687960000354C8E /* BubbleEntry.swift */ = {isa = PBXFileReference; lastKnownFileType = sourcecode.swift; path = BubbleEntry.swift; sourceTree = "<group>"; };
/* End PBXFileReference section */

/* Begin PBXFrameworksBuildPhase section */
		C074BD5E26878EFE0031A76F /* Frameworks */ = {
			isa = PBXFrameworksBuildPhase;
			buildActionMask = 2147483647;
			files = (
				C074BD6626878EFE0031A76F /* SwiftUI.framework in Frameworks */,
				C074BD6426878EFE0031A76F /* WidgetKit.framework in Frameworks */,
			);
			runOnlyForDeploymentPostprocessing = 0;
		};
		C0C4E6BF2598E4DE00085C77 /* Frameworks */ = {
			isa = PBXFrameworksBuildPhase;
			buildActionMask = 2147483647;
			files = (
			);
			runOnlyForDeploymentPostprocessing = 0;
		};
/* End PBXFrameworksBuildPhase section */

/* Begin PBXGroup section */
		C0080D662598E7EA00116BBD /* Data */ = {
			isa = PBXGroup;
			children = (
				C032B3BB259A034A00DB14CC /* Database */,
				C0080D672598E80500116BBD /* Bubble.swift */,
				C0E04B3325C02FE4002856FD /* BubbleColor.swift */,
			);
			path = Data;
			sourceTree = "<group>";
		};
		C0080D702598E95000116BBD /* Tools */ = {
			isa = PBXGroup;
			children = (
				C0D92DC6259DF820000DA496 /* Appearance.swift */,
				C0080D782598EB7F00116BBD /* AppView.swift */,
				C0080D712598E95000116BBD /* AppButton.swift */,
				C030A6B225A1ED5400526A49 /* CalculationTools.swift */,
				C0E04B3025C025D5002856FD /* ColorTools.swift */,
			);
			path = Tools;
			sourceTree = "<group>";
		};
		C030A6A4259E126300526A49 /* Bubbles */ = {
			isa = PBXGroup;
			children = (
				C030A6A5259E12A800526A49 /* BubblesView.swift */,
				C030A6A9259E148100526A49 /* BubblesScene.swift */,
				C030A6AC259E2F2A00526A49 /* BubbleNode.swift */,
			);
			path = Bubbles;
			sourceTree = "<group>";
		};
		C032B3BB259A034A00DB14CC /* Database */ = {
			isa = PBXGroup;
			children = (
				C0C4E6CE2598E4DE00085C77 /* Model.xcdatamodeld */,
				C032B3C2259A0E7300DB14CC /* DatabaseEntity.swift */,
				C032B3BD259A092700DB14CC /* DatabaseManager.swift */,
			);
			path = Database;
			sourceTree = "<group>";
		};
		C074BD6226878EFE0031A76F /* Frameworks */ = {
			isa = PBXGroup;
			children = (
				C074BD6326878EFE0031A76F /* WidgetKit.framework */,
				C074BD6526878EFE0031A76F /* SwiftUI.framework */,
			);
			name = Frameworks;
			sourceTree = "<group>";
		};
		C074BD6726878EFE0031A76F /* BubblePopWidget */ = {
			isa = PBXGroup;
			children = (
				C074BD77268791F60031A76F /* Resources */,
				C074BD76268791E60031A76F /* Source */,
				C074BD6C26878EFF0031A76F /* Info.plist */,
			);
			path = BubblePopWidget;
			sourceTree = "<group>";
		};
		C074BD76268791E60031A76F /* Source */ = {
			isa = PBXGroup;
			children = (
				C074BD6826878EFE0031A76F /* BubblePopWidget.swift */,
				C074BD782687922C0031A76F /* BubbleTimeline.swift */,
				C074BD7E2687927E0031A76F /* BubblePopWidgetEntryView.swift */,
				C0EE147D2687960000354C8E /* BubbleEntry.swift */,
			);
			path = Source;
			sourceTree = "<group>";
		};
		C074BD77268791F60031A76F /* Resources */ = {
			isa = PBXGroup;
			children = (
				C074BD6A26878EFF0031A76F /* Assets.xcassets */,
			);
			path = Resources;
			sourceTree = "<group>";
		};
		C0C4E6B92598E4DE00085C77 = {
			isa = PBXGroup;
			children = (
				C0C4E6C42598E4DE00085C77 /* BubblePop */,
				C074BD6726878EFE0031A76F /* BubblePopWidget */,
				C074BD6226878EFE0031A76F /* Frameworks */,
				C0C4E6C32598E4DE00085C77 /* Products */,
			);
			sourceTree = "<group>";
		};
		C0C4E6C32598E4DE00085C77 /* Products */ = {
			isa = PBXGroup;
			children = (
				C0C4E6C22598E4DE00085C77 /* BubblePop.app */,
				C074BD6126878EFE0031A76F /* BubblePopWidgetExtension.appex */,
			);
			name = Products;
			sourceTree = "<group>";
		};
		C0C4E6C42598E4DE00085C77 /* BubblePop */ = {
			isa = PBXGroup;
			children = (
				C0C4E6DE2598E4FA00085C77 /* Resources */,
				C0C4E6DD2598E4F000085C77 /* Source */,
				C0C4E6D62598E4DF00085C77 /* Info.plist */,
			);
			path = BubblePop;
			sourceTree = "<group>";
		};
		C0C4E6DD2598E4F000085C77 /* Source */ = {
			isa = PBXGroup;
			children = (
				C0C4E6DF2598E51000085C77 /* Main */,
				C0080D662598E7EA00116BBD /* Data */,
				C0C4E6E02598E53800085C77 /* UserInterface */,
			);
			path = Source;
			sourceTree = "<group>";
		};
		C0C4E6DE2598E4FA00085C77 /* Resources */ = {
			isa = PBXGroup;
			children = (
				C0C4E6D12598E4DF00085C77 /* Assets.xcassets */,
			);
			path = Resources;
			sourceTree = "<group>";
		};
		C0C4E6DF2598E51000085C77 /* Main */ = {
			isa = PBXGroup;
			children = (
				C0C4E6C52598E4DE00085C77 /* AppDelegate.swift */,
				C0C4E6C72598E4DE00085C77 /* SceneDelegate.swift */,
			);
			path = Main;
			sourceTree = "<group>";
		};
		C0C4E6E02598E53800085C77 /* UserInterface */ = {
			isa = PBXGroup;
			children = (
				C0080D702598E95000116BBD /* Tools */,
				C0C4E6E12598E54700085C77 /* Main */,
				C030A6A4259E126300526A49 /* Bubbles */,
				C0ED2ABD25BEE2890007D252 /* ColorViewController */,
				C0DF175A25C00B5200F75B7D /* NewBubble */,
				C0C4E6CB2598E4DE00085C77 /* Main.storyboard */,
				C0C4E6C92598E4DE00085C77 /* ViewController.swift */,
				C0080D7B2598F47400116BBD /* BubbleDetailsViewController.swift */,
			);
			path = UserInterface;
			sourceTree = "<group>";
		};
		C0C4E6E12598E54700085C77 /* Main */ = {
			isa = PBXGroup;
			children = (
				C0C4E6D32598E4DF00085C77 /* LaunchScreen.storyboard */,
			);
			path = Main;
			sourceTree = "<group>";
		};
		C0DF175A25C00B5200F75B7D /* NewBubble */ = {
			isa = PBXGroup;
			children = (
				C0080D752598EB2A00116BBD /* NewBubbleViewController.swift */,
				C0ED2AC425BEF5F40007D252 /* ColorCollectionViewCell.swift */,
				C0DF175B25C00BA700F75B7D /* AddColorCollectionViewCell.swift */,
			);
			path = NewBubble;
			sourceTree = "<group>";
		};
		C0ED2ABD25BEE2890007D252 /* ColorViewController */ = {
			isa = PBXGroup;
			children = (
				C0ED2ABE25BEE2BC0007D252 /* ColorViewController.storyboard */,
				C0ED2AC125BEE2DA0007D252 /* ColorViewController.swift */,
			);
			path = ColorViewController;
			sourceTree = "<group>";
		};
/* End PBXGroup section */

/* Begin PBXNativeTarget section */
		C074BD6026878EFE0031A76F /* BubblePopWidgetExtension */ = {
			isa = PBXNativeTarget;
			buildConfigurationList = C074BD7326878EFF0031A76F /* Build configuration list for PBXNativeTarget "BubblePopWidgetExtension" */;
			buildPhases = (
				C074BD5D26878EFE0031A76F /* Sources */,
				C074BD5E26878EFE0031A76F /* Frameworks */,
				C074BD5F26878EFE0031A76F /* Resources */,
			);
			buildRules = (
			);
			dependencies = (
			);
			name = BubblePopWidgetExtension;
			productName = BubblePopWidgetExtension;
			productReference = C074BD6126878EFE0031A76F /* BubblePopWidgetExtension.appex */;
			productType = "com.apple.product-type.app-extension";
		};
		C0C4E6C12598E4DE00085C77 /* BubblePop */ = {
			isa = PBXNativeTarget;
			buildConfigurationList = C0C4E6D92598E4DF00085C77 /* Build configuration list for PBXNativeTarget "BubblePop" */;
			buildPhases = (
				C0C4E6BE2598E4DE00085C77 /* Sources */,
				C0C4E6BF2598E4DE00085C77 /* Frameworks */,
				C0C4E6C02598E4DE00085C77 /* Resources */,
				C074BD7026878EFF0031A76F /* Embed App Extensions */,
			);
			buildRules = (
			);
			dependencies = (
				C074BD6E26878EFF0031A76F /* PBXTargetDependency */,
			);
			name = BubblePop;
			productName = BubblePop;
			productReference = C0C4E6C22598E4DE00085C77 /* BubblePop.app */;
			productType = "com.apple.product-type.application";
		};
/* End PBXNativeTarget section */

/* Begin PBXProject section */
		C0C4E6BA2598E4DE00085C77 /* Project object */ = {
			isa = PBXProject;
			attributes = {
				LastSwiftUpdateCheck = 1240;
				LastUpgradeCheck = 1230;
				TargetAttributes = {
					C074BD6026878EFE0031A76F = {
						CreatedOnToolsVersion = 12.4;
					};
					C0C4E6C12598E4DE00085C77 = {
						CreatedOnToolsVersion = 12.3;
					};
				};
			};
			buildConfigurationList = C0C4E6BD2598E4DE00085C77 /* Build configuration list for PBXProject "BubblePop" */;
			compatibilityVersion = "Xcode 9.3";
			developmentRegion = en;
			hasScannedForEncodings = 0;
			knownRegions = (
				en,
				Base,
			);
			mainGroup = C0C4E6B92598E4DE00085C77;
			productRefGroup = C0C4E6C32598E4DE00085C77 /* Products */;
			projectDirPath = "";
			projectRoot = "";
			targets = (
				C0C4E6C12598E4DE00085C77 /* BubblePop */,
				C074BD6026878EFE0031A76F /* BubblePopWidgetExtension */,
			);
		};
/* End PBXProject section */

/* Begin PBXResourcesBuildPhase section */
		C074BD5F26878EFE0031A76F /* Resources */ = {
			isa = PBXResourcesBuildPhase;
			buildActionMask = 2147483647;
			files = (
				C074BD6B26878EFF0031A76F /* Assets.xcassets in Resources */,
			);
			runOnlyForDeploymentPostprocessing = 0;
		};
		C0C4E6C02598E4DE00085C77 /* Resources */ = {
			isa = PBXResourcesBuildPhase;
			buildActionMask = 2147483647;
			files = (
				C0C4E6D52598E4DF00085C77 /* LaunchScreen.storyboard in Resources */,
				C0C4E6D22598E4DF00085C77 /* Assets.xcassets in Resources */,
				C0C4E6CD2598E4DE00085C77 /* Main.storyboard in Resources */,
				C0ED2ABF25BEE2BC0007D252 /* ColorViewController.storyboard in Resources */,
			);
			runOnlyForDeploymentPostprocessing = 0;
		};
/* End PBXResourcesBuildPhase section */

/* Begin PBXSourcesBuildPhase section */
		C074BD5D26878EFE0031A76F /* Sources */ = {
			isa = PBXSourcesBuildPhase;
			buildActionMask = 2147483647;
			files = (
				C0EE149026879DA200354C8E /* DatabaseManager.swift in Sources */,
				C074BD792687922C0031A76F /* BubbleTimeline.swift in Sources */,
				C0EE148A2687989F00354C8E /* DatabaseEntity.swift in Sources */,
				C0EE14832687963900354C8E /* Bubble.swift in Sources */,
				C0EE148D26879D9000354C8E /* BubbleColor.swift in Sources */,
				C0EE149326879E4C00354C8E /* Model.xcdatamodeld in Sources */,
				C074BD7F2687927E0031A76F /* BubblePopWidgetEntryView.swift in Sources */,
				C074BD6926878EFE0031A76F /* BubblePopWidget.swift in Sources */,
				C0EE147E2687960000354C8E /* BubbleEntry.swift in Sources */,
				C0EE149626879E5D00354C8E /* ColorTools.swift in Sources */,
			);
			runOnlyForDeploymentPostprocessing = 0;
		};
		C0C4E6BE2598E4DE00085C77 /* Sources */ = {
			isa = PBXSourcesBuildPhase;
			buildActionMask = 2147483647;
			files = (
				C0C4E6CA2598E4DE00085C77 /* ViewController.swift in Sources */,
				C030A6B325A1ED5400526A49 /* CalculationTools.swift in Sources */,
				C0080D682598E80500116BBD /* Bubble.swift in Sources */,
				C032B3BE259A092700DB14CC /* DatabaseManager.swift in Sources */,
				C0D92DC7259DF820000DA496 /* Appearance.swift in Sources */,
				C030A6AA259E148100526A49 /* BubblesScene.swift in Sources */,
				C0ED2AC525BEF5F40007D252 /* ColorCollectionViewCell.swift in Sources */,
				C0DF175C25C00BA700F75B7D /* AddColorCollectionViewCell.swift in Sources */,
				C0C4E6D02598E4DE00085C77 /* Model.xcdatamodeld in Sources */,
				C030A6A6259E12A800526A49 /* BubblesView.swift in Sources */,
				C0E04B3425C02FE4002856FD /* BubbleColor.swift in Sources */,
				C0080D722598E95000116BBD /* AppButton.swift in Sources */,
				C0080D792598EB7F00116BBD /* AppView.swift in Sources */,
				C0080D7C2598F47400116BBD /* BubbleDetailsViewController.swift in Sources */,
				C032B3C3259A0E7400DB14CC /* DatabaseEntity.swift in Sources */,
				C0080D762598EB2A00116BBD /* NewBubbleViewController.swift in Sources */,
				C030A6AD259E2F2A00526A49 /* BubbleNode.swift in Sources */,
				C0ED2AC225BEE2DA0007D252 /* ColorViewController.swift in Sources */,
				C0C4E6C62598E4DE00085C77 /* AppDelegate.swift in Sources */,
				C0C4E6C82598E4DE00085C77 /* SceneDelegate.swift in Sources */,
				C0E04B3125C025D5002856FD /* ColorTools.swift in Sources */,
			);
			runOnlyForDeploymentPostprocessing = 0;
		};
/* End PBXSourcesBuildPhase section */

/* Begin PBXTargetDependency section */
		C074BD6E26878EFF0031A76F /* PBXTargetDependency */ = {
			isa = PBXTargetDependency;
			target = C074BD6026878EFE0031A76F /* BubblePopWidgetExtension */;
			targetProxy = C074BD6D26878EFF0031A76F /* PBXContainerItemProxy */;
		};
/* End PBXTargetDependency section */

/* Begin PBXVariantGroup section */
		C0C4E6CB2598E4DE00085C77 /* Main.storyboard */ = {
			isa = PBXVariantGroup;
			children = (
				C0C4E6CC2598E4DE00085C77 /* Base */,
			);
			name = Main.storyboard;
			sourceTree = "<group>";
		};
		C0C4E6D32598E4DF00085C77 /* LaunchScreen.storyboard */ = {
			isa = PBXVariantGroup;
			children = (
				C0C4E6D42598E4DF00085C77 /* Base */,
			);
			name = LaunchScreen.storyboard;
			sourceTree = "<group>";
		};
/* End PBXVariantGroup section */

/* Begin XCBuildConfiguration section */
		C074BD7126878EFF0031A76F /* Debug */ = {
			isa = XCBuildConfiguration;
			buildSettings = {
				ASSETCATALOG_COMPILER_GLOBAL_ACCENT_COLOR_NAME = AccentColor;
				ASSETCATALOG_COMPILER_WIDGET_BACKGROUND_COLOR_NAME = WidgetBackground;
				CODE_SIGN_STYLE = Automatic;
				DEVELOPMENT_TEAM = SJV56SAX8G;
				INFOPLIST_FILE = BubblePopWidget/Info.plist;
				IPHONEOS_DEPLOYMENT_TARGET = 14.4;
				LD_RUNPATH_SEARCH_PATHS = (
					"$(inherited)",
					"@executable_path/Frameworks",
					"@executable_path/../../Frameworks",
				);
				PRODUCT_BUNDLE_IDENTIFIER = com.petra.PetrasWorkspace.BubblePop.BubblePopWidget;
				PRODUCT_NAME = "$(TARGET_NAME)";
				SKIP_INSTALL = YES;
				SWIFT_VERSION = 5.0;
				TARGETED_DEVICE_FAMILY = "1,2";
			};
			name = Debug;
		};
		C074BD7226878EFF0031A76F /* Release */ = {
			isa = XCBuildConfiguration;
			buildSettings = {
				ASSETCATALOG_COMPILER_GLOBAL_ACCENT_COLOR_NAME = AccentColor;
				ASSETCATALOG_COMPILER_WIDGET_BACKGROUND_COLOR_NAME = WidgetBackground;
				CODE_SIGN_STYLE = Automatic;
				DEVELOPMENT_TEAM = SJV56SAX8G;
				INFOPLIST_FILE = BubblePopWidget/Info.plist;
				IPHONEOS_DEPLOYMENT_TARGET = 14.4;
				LD_RUNPATH_SEARCH_PATHS = (
					"$(inherited)",
					"@executable_path/Frameworks",
					"@executable_path/../../Frameworks",
				);
				PRODUCT_BUNDLE_IDENTIFIER = com.petra.PetrasWorkspace.BubblePop.BubblePopWidget;
				PRODUCT_NAME = "$(TARGET_NAME)";
				SKIP_INSTALL = YES;
				SWIFT_VERSION = 5.0;
				TARGETED_DEVICE_FAMILY = "1,2";
			};
			name = Release;
		};
		C0C4E6D72598E4DF00085C77 /* Debug */ = {
			isa = XCBuildConfiguration;
			buildSettings = {
				ALWAYS_SEARCH_USER_PATHS = NO;
				CLANG_ANALYZER_NONNULL = YES;
				CLANG_ANALYZER_NUMBER_OBJECT_CONVERSION = YES_AGGRESSIVE;
				CLANG_CXX_LANGUAGE_STANDARD = "gnu++14";
				CLANG_CXX_LIBRARY = "libc++";
				CLANG_ENABLE_MODULES = YES;
				CLANG_ENABLE_OBJC_ARC = YES;
				CLANG_ENABLE_OBJC_WEAK = YES;
				CLANG_WARN_BLOCK_CAPTURE_AUTORELEASING = YES;
				CLANG_WARN_BOOL_CONVERSION = YES;
				CLANG_WARN_COMMA = YES;
				CLANG_WARN_CONSTANT_CONVERSION = YES;
				CLANG_WARN_DEPRECATED_OBJC_IMPLEMENTATIONS = YES;
				CLANG_WARN_DIRECT_OBJC_ISA_USAGE = YES_ERROR;
				CLANG_WARN_DOCUMENTATION_COMMENTS = YES;
				CLANG_WARN_EMPTY_BODY = YES;
				CLANG_WARN_ENUM_CONVERSION = YES;
				CLANG_WARN_INFINITE_RECURSION = YES;
				CLANG_WARN_INT_CONVERSION = YES;
				CLANG_WARN_NON_LITERAL_NULL_CONVERSION = YES;
				CLANG_WARN_OBJC_IMPLICIT_RETAIN_SELF = YES;
				CLANG_WARN_OBJC_LITERAL_CONVERSION = YES;
				CLANG_WARN_OBJC_ROOT_CLASS = YES_ERROR;
				CLANG_WARN_QUOTED_INCLUDE_IN_FRAMEWORK_HEADER = YES;
				CLANG_WARN_RANGE_LOOP_ANALYSIS = YES;
				CLANG_WARN_STRICT_PROTOTYPES = YES;
				CLANG_WARN_SUSPICIOUS_MOVE = YES;
				CLANG_WARN_UNGUARDED_AVAILABILITY = YES_AGGRESSIVE;
				CLANG_WARN_UNREACHABLE_CODE = YES;
				CLANG_WARN__DUPLICATE_METHOD_MATCH = YES;
				COPY_PHASE_STRIP = NO;
				DEBUG_INFORMATION_FORMAT = dwarf;
				ENABLE_STRICT_OBJC_MSGSEND = YES;
				ENABLE_TESTABILITY = YES;
				GCC_C_LANGUAGE_STANDARD = gnu11;
				GCC_DYNAMIC_NO_PIC = NO;
				GCC_NO_COMMON_BLOCKS = YES;
				GCC_OPTIMIZATION_LEVEL = 0;
				GCC_PREPROCESSOR_DEFINITIONS = (
					"DEBUG=1",
					"$(inherited)",
				);
				GCC_WARN_64_TO_32_BIT_CONVERSION = YES;
				GCC_WARN_ABOUT_RETURN_TYPE = YES_ERROR;
				GCC_WARN_UNDECLARED_SELECTOR = YES;
				GCC_WARN_UNINITIALIZED_AUTOS = YES_AGGRESSIVE;
				GCC_WARN_UNUSED_FUNCTION = YES;
				GCC_WARN_UNUSED_VARIABLE = YES;
				IPHONEOS_DEPLOYMENT_TARGET = 14.3;
				MTL_ENABLE_DEBUG_INFO = INCLUDE_SOURCE;
				MTL_FAST_MATH = YES;
				ONLY_ACTIVE_ARCH = YES;
				SDKROOT = iphoneos;
				SWIFT_ACTIVE_COMPILATION_CONDITIONS = DEBUG;
				SWIFT_OPTIMIZATION_LEVEL = "-Onone";
			};
			name = Debug;
		};
		C0C4E6D82598E4DF00085C77 /* Release */ = {
			isa = XCBuildConfiguration;
			buildSettings = {
				ALWAYS_SEARCH_USER_PATHS = NO;
				CLANG_ANALYZER_NONNULL = YES;
				CLANG_ANALYZER_NUMBER_OBJECT_CONVERSION = YES_AGGRESSIVE;
				CLANG_CXX_LANGUAGE_STANDARD = "gnu++14";
				CLANG_CXX_LIBRARY = "libc++";
				CLANG_ENABLE_MODULES = YES;
				CLANG_ENABLE_OBJC_ARC = YES;
				CLANG_ENABLE_OBJC_WEAK = YES;
				CLANG_WARN_BLOCK_CAPTURE_AUTORELEASING = YES;
				CLANG_WARN_BOOL_CONVERSION = YES;
				CLANG_WARN_COMMA = YES;
				CLANG_WARN_CONSTANT_CONVERSION = YES;
				CLANG_WARN_DEPRECATED_OBJC_IMPLEMENTATIONS = YES;
				CLANG_WARN_DIRECT_OBJC_ISA_USAGE = YES_ERROR;
				CLANG_WARN_DOCUMENTATION_COMMENTS = YES;
				CLANG_WARN_EMPTY_BODY = YES;
				CLANG_WARN_ENUM_CONVERSION = YES;
				CLANG_WARN_INFINITE_RECURSION = YES;
				CLANG_WARN_INT_CONVERSION = YES;
				CLANG_WARN_NON_LITERAL_NULL_CONVERSION = YES;
				CLANG_WARN_OBJC_IMPLICIT_RETAIN_SELF = YES;
				CLANG_WARN_OBJC_LITERAL_CONVERSION = YES;
				CLANG_WARN_OBJC_ROOT_CLASS = YES_ERROR;
				CLANG_WARN_QUOTED_INCLUDE_IN_FRAMEWORK_HEADER = YES;
				CLANG_WARN_RANGE_LOOP_ANALYSIS = YES;
				CLANG_WARN_STRICT_PROTOTYPES = YES;
				CLANG_WARN_SUSPICIOUS_MOVE = YES;
				CLANG_WARN_UNGUARDED_AVAILABILITY = YES_AGGRESSIVE;
				CLANG_WARN_UNREACHABLE_CODE = YES;
				CLANG_WARN__DUPLICATE_METHOD_MATCH = YES;
				COPY_PHASE_STRIP = NO;
				DEBUG_INFORMATION_FORMAT = "dwarf-with-dsym";
				ENABLE_NS_ASSERTIONS = NO;
				ENABLE_STRICT_OBJC_MSGSEND = YES;
				GCC_C_LANGUAGE_STANDARD = gnu11;
				GCC_NO_COMMON_BLOCKS = YES;
				GCC_WARN_64_TO_32_BIT_CONVERSION = YES;
				GCC_WARN_ABOUT_RETURN_TYPE = YES_ERROR;
				GCC_WARN_UNDECLARED_SELECTOR = YES;
				GCC_WARN_UNINITIALIZED_AUTOS = YES_AGGRESSIVE;
				GCC_WARN_UNUSED_FUNCTION = YES;
				GCC_WARN_UNUSED_VARIABLE = YES;
				IPHONEOS_DEPLOYMENT_TARGET = 14.3;
				MTL_ENABLE_DEBUG_INFO = NO;
				MTL_FAST_MATH = YES;
				SDKROOT = iphoneos;
				SWIFT_COMPILATION_MODE = wholemodule;
				SWIFT_OPTIMIZATION_LEVEL = "-O";
				VALIDATE_PRODUCT = YES;
			};
			name = Release;
		};
		C0C4E6DA2598E4DF00085C77 /* Debug */ = {
			isa = XCBuildConfiguration;
			buildSettings = {
				ALWAYS_EMBED_SWIFT_STANDARD_LIBRARIES = YES;
				ASSETCATALOG_COMPILER_APPICON_NAME = AppIcon;
				ASSETCATALOG_COMPILER_GLOBAL_ACCENT_COLOR_NAME = AccentColor;
				CODE_SIGN_STYLE = Automatic;
				DEVELOPMENT_TEAM = SJV56SAX8G;
				INFOPLIST_FILE = BubblePop/Info.plist;
				LD_RUNPATH_SEARCH_PATHS = (
					"$(inherited)",
					"@executable_path/Frameworks",
				);
				PRODUCT_BUNDLE_IDENTIFIER = com.petra.PetrasWorkspace.BubblePop;
				PRODUCT_NAME = "$(TARGET_NAME)";
				SWIFT_VERSION = 5.0;
				TARGETED_DEVICE_FAMILY = "1,2";
			};
			name = Debug;
		};
		C0C4E6DB2598E4DF00085C77 /* Release */ = {
			isa = XCBuildConfiguration;
			buildSettings = {
				ALWAYS_EMBED_SWIFT_STANDARD_LIBRARIES = YES;
				ASSETCATALOG_COMPILER_APPICON_NAME = AppIcon;
				ASSETCATALOG_COMPILER_GLOBAL_ACCENT_COLOR_NAME = AccentColor;
				CODE_SIGN_STYLE = Automatic;
				DEVELOPMENT_TEAM = SJV56SAX8G;
				INFOPLIST_FILE = BubblePop/Info.plist;
				LD_RUNPATH_SEARCH_PATHS = (
					"$(inherited)",
					"@executable_path/Frameworks",
				);
				PRODUCT_BUNDLE_IDENTIFIER = com.petra.PetrasWorkspace.BubblePop;
				PRODUCT_NAME = "$(TARGET_NAME)";
				SWIFT_VERSION = 5.0;
				TARGETED_DEVICE_FAMILY = "1,2";
			};
			name = Release;
		};
/* End XCBuildConfiguration section */

/* Begin XCConfigurationList section */
		C074BD7326878EFF0031A76F /* Build configuration list for PBXNativeTarget "BubblePopWidgetExtension" */ = {
			isa = XCConfigurationList;
			buildConfigurations = (
				C074BD7126878EFF0031A76F /* Debug */,
				C074BD7226878EFF0031A76F /* Release */,
			);
			defaultConfigurationIsVisible = 0;
			defaultConfigurationName = Release;
		};
		C0C4E6BD2598E4DE00085C77 /* Build configuration list for PBXProject "BubblePop" */ = {
			isa = XCConfigurationList;
			buildConfigurations = (
				C0C4E6D72598E4DF00085C77 /* Debug */,
				C0C4E6D82598E4DF00085C77 /* Release */,
			);
			defaultConfigurationIsVisible = 0;
			defaultConfigurationName = Release;
		};
		C0C4E6D92598E4DF00085C77 /* Build configuration list for PBXNativeTarget "BubblePop" */ = {
			isa = XCConfigurationList;
			buildConfigurations = (
				C0C4E6DA2598E4DF00085C77 /* Debug */,
				C0C4E6DB2598E4DF00085C77 /* Release */,
			);
			defaultConfigurationIsVisible = 0;
			defaultConfigurationName = Release;
		};
/* End XCConfigurationList section */

/* Begin XCVersionGroup section */
		C0C4E6CE2598E4DE00085C77 /* Model.xcdatamodeld */ = {
			isa = XCVersionGroup;
			children = (
				C0C4E6CF2598E4DE00085C77 /* BubblePop.xcdatamodel */,
			);
			currentVersion = C0C4E6CF2598E4DE00085C77 /* BubblePop.xcdatamodel */;
			path = Model.xcdatamodeld;
			sourceTree = "<group>";
			versionGroupType = wrapper.xcdatamodel;
		};
/* End XCVersionGroup section */
	};
	rootObject = C0C4E6BA2598E4DE00085C77 /* Project object */;
}
